
Microsoft Visual Studio Solution File, Format Version 12.00
# Visual Studio Version 17
VisualStudioVersion = 17.0.32126.317
MinimumVisualStudioVersion = 10.0.40219.1
Project("{FAE04EC0-301F-11D3-BF4B-00C04F79EFBC}") = "ascii.converter", "ascii.converter\ascii.converter.csproj", "{7C03CA1C-1384-4AB7-B6D8-FF3BFC05E18C}"
EndProject
Global
	GlobalSection(SolutionConfigurationPlatforms) = preSolution
		Debug|Any CPU = Debug|Any CPU
		Release|Any CPU = Release|Any CPU
	EndGlobalSection
	GlobalSection(ProjectConfigurationPlatforms) = postSolution
		{7C03CA1C-1384-4AB7-B6D8-FF3BFC05E18C}.Debug|Any CPU.ActiveCfg = Debug|Any CPU
		{7C03CA1C-1384-4AB7-B6D8-FF3BFC05E18C}.Debug|Any CPU.Build.0 = Debug|Any CPU
		{7C03CA1C-1384-4AB7-B6D8-FF3BFC05E18C}.Release|Any CPU.ActiveCfg = Release|Any CPU
		{7C03CA1C-1384-4AB7-B6D8-FF3BFC05E18C}.Release|Any CPU.Build.0 = Release|Any CPU
	EndGlobalSection
	GlobalSection(SolutionProperties) = preSolution
		HideSolutionNode = FALSE
	EndGlobalSection
	GlobalSection(ExtensibilityGlobals) = postSolution
		SolutionGuid = {0D2E5AB3-7854-4FA0-B7DF-D6311DC3ADEE}
	EndGlobalSection
EndGlobal
